
Microsoft Visual Studio Solution File, Format Version 12.00
# Visual Studio 15
VisualStudioVersion = 15.0.26124.0
MinimumVisualStudioVersion = 15.0.26124.0
Project("{FAE04EC0-301F-11D3-BF4B-00C04F79EFBC}") = "MiadChan.Workflow.Example", "MiadChan.Workflow.Example\MiadChan.Workflow.Example.csproj", "{79F2B1F7-2544-477C-8D43-CD38E31E391F}"
EndProject
Project("{2150E333-8FDC-42A3-9474-1A3956D46DE8}") = "source", "source", "{388A13CA-7C82-4D9C-B372-914EF2FF0530}"
EndProject
Project("{FAE04EC0-301F-11D3-BF4B-00C04F79EFBC}") = "Maidchan.Workflow", "source\Maidchan.Workflow\Maidchan.Workflow.csproj", "{DD0D773F-E809-4453-95A8-43856A173571}"
EndProject
Global
	GlobalSection(SolutionConfigurationPlatforms) = preSolution
		Debug|Any CPU = Debug|Any CPU
		Debug|x64 = Debug|x64
		Debug|x86 = Debug|x86
		Release|Any CPU = Release|Any CPU
		Release|x64 = Release|x64
		Release|x86 = Release|x86
	EndGlobalSection
	GlobalSection(SolutionProperties) = preSolution
		HideSolutionNode = FALSE
	EndGlobalSection
	GlobalSection(ProjectConfigurationPlatforms) = postSolution
		{79F2B1F7-2544-477C-8D43-CD38E31E391F}.Debug|Any CPU.ActiveCfg = Debug|Any CPU
		{79F2B1F7-2544-477C-8D43-CD38E31E391F}.Debug|Any CPU.Build.0 = Debug|Any CPU
		{79F2B1F7-2544-477C-8D43-CD38E31E391F}.Debug|x64.ActiveCfg = Debug|Any CPU
		{79F2B1F7-2544-477C-8D43-CD38E31E391F}.Debug|x64.Build.0 = Debug|Any CPU
		{79F2B1F7-2544-477C-8D43-CD38E31E391F}.Debug|x86.ActiveCfg = Debug|Any CPU
		{79F2B1F7-2544-477C-8D43-CD38E31E391F}.Debug|x86.Build.0 = Debug|Any CPU
		{79F2B1F7-2544-477C-8D43-CD38E31E391F}.Release|Any CPU.ActiveCfg = Release|Any CPU
		{79F2B1F7-2544-477C-8D43-CD38E31E391F}.Release|Any CPU.Build.0 = Release|Any CPU
		{79F2B1F7-2544-477C-8D43-CD38E31E391F}.Release|x64.ActiveCfg = Release|Any CPU
		{79F2B1F7-2544-477C-8D43-CD38E31E391F}.Release|x64.Build.0 = Release|Any CPU
		{79F2B1F7-2544-477C-8D43-CD38E31E391F}.Release|x86.ActiveCfg = Release|Any CPU
		{79F2B1F7-2544-477C-8D43-CD38E31E391F}.Release|x86.Build.0 = Release|Any CPU
		{DD0D773F-E809-4453-95A8-43856A173571}.Debug|Any CPU.ActiveCfg = Debug|Any CPU
		{DD0D773F-E809-4453-95A8-43856A173571}.Debug|Any CPU.Build.0 = Debug|Any CPU
		{DD0D773F-E809-4453-95A8-43856A173571}.Debug|x64.ActiveCfg = Debug|Any CPU
		{DD0D773F-E809-4453-95A8-43856A173571}.Debug|x64.Build.0 = Debug|Any CPU
		{DD0D773F-E809-4453-95A8-43856A173571}.Debug|x86.ActiveCfg = Debug|Any CPU
		{DD0D773F-E809-4453-95A8-43856A173571}.Debug|x86.Build.0 = Debug|Any CPU
		{DD0D773F-E809-4453-95A8-43856A173571}.Release|Any CPU.ActiveCfg = Release|Any CPU
		{DD0D773F-E809-4453-95A8-43856A173571}.Release|Any CPU.Build.0 = Release|Any CPU
		{DD0D773F-E809-4453-95A8-43856A173571}.Release|x64.ActiveCfg = Release|Any CPU
		{DD0D773F-E809-4453-95A8-43856A173571}.Release|x64.Build.0 = Release|Any CPU
		{DD0D773F-E809-4453-95A8-43856A173571}.Release|x86.ActiveCfg = Release|Any CPU
		{DD0D773F-E809-4453-95A8-43856A173571}.Release|x86.Build.0 = Release|Any CPU
	EndGlobalSection
	GlobalSection(NestedProjects) = preSolution
		{DD0D773F-E809-4453-95A8-43856A173571} = {388A13CA-7C82-4D9C-B372-914EF2FF0530}
	EndGlobalSection
EndGlobal
